
Microsoft Visual Studio Solution File, Format Version 12.00
# Visual Studio Version 17
VisualStudioVersion = 17.14.36310.24 d17.14
MinimumVisualStudioVersion = 10.0.40219.1
Project("{FAE04EC0-301F-11D3-BF4B-00C04F79EFBC}") = "comboboxv2", "comboboxv2\comboboxv2.csproj", "{BC8126FD-9116-4417-8EE8-48EDA920FEED}"
EndProject
Global
	GlobalSection(SolutionConfigurationPlatforms) = preSolution
		Debug|Any CPU = Debug|Any CPU
		Release|Any CPU = Release|Any CPU
	EndGlobalSection
	GlobalSection(ProjectConfigurationPlatforms) = postSolution
		{BC8126FD-9116-4417-8EE8-48EDA920FEED}.Debug|Any CPU.ActiveCfg = Debug|Any CPU
		{BC8126FD-9116-4417-8EE8-48EDA920FEED}.Debug|Any CPU.Build.0 = Debug|Any CPU
		{BC8126FD-9116-4417-8EE8-48EDA920FEED}.Release|Any CPU.ActiveCfg = Release|Any CPU
		{BC8126FD-9116-4417-8EE8-48EDA920FEED}.Release|Any CPU.Build.0 = Release|Any CPU
	EndGlobalSection
	GlobalSection(SolutionProperties) = preSolution
		HideSolutionNode = FALSE
	EndGlobalSection
	GlobalSection(ExtensibilityGlobals) = postSolution
		SolutionGuid = {A6FCBF2E-BC95-4374-A55D-D8F787D2E243}
	EndGlobalSection
EndGlobal
